
Microsoft Visual Studio Solution File, Format Version 12.00
# Visual Studio 2017
Project("{FAE04EC0-301F-11D3-BF4B-00C04F79EFBC}") = "Conquer.Plugins", "Conquer.Plugins.csproj", "{B544354B-9EF5-52B4-F644-572EBFCD34D7}"
EndProject
Project("{FAE04EC0-301F-11D3-BF4B-00C04F79EFBC}") = "Conquer", "Conquer.csproj", "{27DF16F6-7972-CEAB-4656-238209D51CC0}"
EndProject
Global
	GlobalSection(SolutionConfigurationPlatforms) = preSolution
		Debug|Any CPU = Debug|Any CPU
		Release|Any CPU = Release|Any CPU
	EndGlobalSection
	GlobalSection(ProjectConfigurationPlatforms) = postSolution
		{B544354B-9EF5-52B4-F644-572EBFCD34D7}.Debug|Any CPU.ActiveCfg = Debug|Any CPU
		{B544354B-9EF5-52B4-F644-572EBFCD34D7}.Debug|Any CPU.Build.0 = Debug|Any CPU
		{B544354B-9EF5-52B4-F644-572EBFCD34D7}.Release|Any CPU.ActiveCfg = Release|Any CPU
		{B544354B-9EF5-52B4-F644-572EBFCD34D7}.Release|Any CPU.Build.0 = Release|Any CPU
		{27DF16F6-7972-CEAB-4656-238209D51CC0}.Debug|Any CPU.ActiveCfg = Debug|Any CPU
		{27DF16F6-7972-CEAB-4656-238209D51CC0}.Debug|Any CPU.Build.0 = Debug|Any CPU
		{27DF16F6-7972-CEAB-4656-238209D51CC0}.Release|Any CPU.ActiveCfg = Release|Any CPU
		{27DF16F6-7972-CEAB-4656-238209D51CC0}.Release|Any CPU.Build.0 = Release|Any CPU
	EndGlobalSection
	GlobalSection(SolutionProperties) = preSolution
		HideSolutionNode = FALSE
	EndGlobalSection
EndGlobal
